PATH
  remote: /Volumes/Data/Developer/Projects/sexy_scopes
  specs:
    sexy_scopes (0.6.0)
      activerecord (>= 3.1)

GEM
  remote: https://rubygems.org/
  specs:
    activemodel (3.2.13)
      activesupport (= 3.2.13)
      builder (~> 3.0.0)
    activerecord (3.2.13)
      activemodel (= 3.2.13)
      activesupport (= 3.2.13)
      arel (~> 3.0.2)
      tzinfo (~> 0.3.29)
    activesupport (3.2.13)
      i18n (= 0.6.1)
      multi_json (~> 1.0)
    appraisal (0.5.2)
      bundler
      rake
    arel (3.0.2)
    builder (3.0.4)
    coveralls (0.7.0)
      multi_json (~> 1.3)
      rest-client
      simplecov (>= 0.7)
      term-ansicolor
      thor
    diff-lcs (1.2.4)
    i18n (0.6.1)
    maruku (0.6.1)
      syntax (>= 1.0.0)
    mime-types (1.25)
    multi_json (1.8.0)
    rake (10.1.0)
    rest-client (1.6.7)
      mime-types (>= 1.16)
    rspec (2.14.1)
      rspec-core (~> 2.14.0)
      rspec-expectations (~> 2.14.0)
      rspec-mocks (~> 2.14.0)
    rspec-core (2.14.5)
    rspec-expectations (2.14.3)
      diff-lcs (>= 1.1.3, < 2.0)
    rspec-mocks (2.14.3)
    simplecov (0.7.1)
      multi_json (~> 1.0)
      simplecov-html (~> 0.7.1)
    simplecov-html (0.7.1)
    sqlite3 (1.3.8)
    syntax (1.0.0)
    term-ansicolor (1.2.2)
      tins (~> 0.8)
    thor (0.18.1)
    tins (0.10.0)
    tzinfo (0.3.37)
    yard (0.8.7.2)

PLATFORMS
  ruby

DEPENDENCIES
  activerecord (~> 3.2.0)
  appraisal (~> 0.5.0)
  bundler (~> 1.0)
  coveralls
  maruku (~> 0.6)
  rake (>= 0.9)
  rspec (~> 2.0)
  sexy_scopes!
  simplecov
  sqlite3 (~> 1.0)
  yard (~> 0.8)
